
Microsoft Visual Studio Solution File, Format Version 12.00
# Visual Studio Version 17
VisualStudioVersion = 17.13.35919.96
MinimumVisualStudioVersion = 10.0.40219.1
Project("{8BC9CEB8-8B4A-11D0-8D11-00A0C91BC942}") = "LoginServer_SingleThread", "LoginServer_SingleThread\LoginServer_SingleThread.vcxproj", "{AF739F9E-809F-480D-B1E5-487073B77A61}"
EndProject
Project("{8BC9CEB8-8B4A-11D0-8D11-00A0C91BC942}") = "LoginServer_MultiThread", "LoginServer_MultiThread\LoginServer_MultiThread.vcxproj", "{CA46A458-9C43-4A9D-B79C-BA91D42EE308}"
EndProject
Global
	GlobalSection(SolutionConfigurationPlatforms) = preSolution
		Debug|x64 = Debug|x64
		Debug|x86 = Debug|x86
		Release|x64 = Release|x64
		Release|x86 = Release|x86
	EndGlobalSection
	GlobalSection(ProjectConfigurationPlatforms) = postSolution
		{AF739F9E-809F-480D-B1E5-487073B77A61}.Debug|x64.ActiveCfg = Debug|x64
		{AF739F9E-809F-480D-B1E5-487073B77A61}.Debug|x64.Build.0 = Debug|x64
		{AF739F9E-809F-480D-B1E5-487073B77A61}.Debug|x86.ActiveCfg = Debug|Win32
		{AF739F9E-809F-480D-B1E5-487073B77A61}.Debug|x86.Build.0 = Debug|Win32
		{AF739F9E-809F-480D-B1E5-487073B77A61}.Release|x64.ActiveCfg = Release|x64
		{AF739F9E-809F-480D-B1E5-487073B77A61}.Release|x64.Build.0 = Release|x64
		{AF739F9E-809F-480D-B1E5-487073B77A61}.Release|x86.ActiveCfg = Release|Win32
		{AF739F9E-809F-480D-B1E5-487073B77A61}.Release|x86.Build.0 = Release|Win32
		{CA46A458-9C43-4A9D-B79C-BA91D42EE308}.Debug|x64.ActiveCfg = Debug|x64
		{CA46A458-9C43-4A9D-B79C-BA91D42EE308}.Debug|x64.Build.0 = Debug|x64
		{CA46A458-9C43-4A9D-B79C-BA91D42EE308}.Debug|x86.ActiveCfg = Debug|Win32
		{CA46A458-9C43-4A9D-B79C-BA91D42EE308}.Debug|x86.Build.0 = Debug|Win32
		{CA46A458-9C43-4A9D-B79C-BA91D42EE308}.Release|x64.ActiveCfg = Release|x64
		{CA46A458-9C43-4A9D-B79C-BA91D42EE308}.Release|x64.Build.0 = Release|x64
		{CA46A458-9C43-4A9D-B79C-BA91D42EE308}.Release|x86.ActiveCfg = Release|Win32
		{CA46A458-9C43-4A9D-B79C-BA91D42EE308}.Release|x86.Build.0 = Release|Win32
	EndGlobalSection
	GlobalSection(SolutionProperties) = preSolution
		HideSolutionNode = FALSE
	EndGlobalSection
	GlobalSection(ExtensibilityGlobals) = postSolution
		SolutionGuid = {0A44035B-F60B-41F6-B3C6-E3E92B55B739}
	EndGlobalSection
EndGlobal
